
Microsoft Visual Studio Solution File, Format Version 12.00
# Visual Studio 2012
Project("{6989167D-11E4-40FE-8C1A-2192A86A7E90}") = "leroi", "leroi.vfproj", "{ABCE7F3C-ED6A-4218-BE2F-B8867FF3972B}"
EndProject
Global
	GlobalSection(SolutionConfigurationPlatforms) = preSolution
		Debug|Win32 = Debug|Win32
		Release|Win32 = Release|Win32
	EndGlobalSection
	GlobalSection(ProjectConfigurationPlatforms) = postSolution
		{ABCE7F3C-ED6A-4218-BE2F-B8867FF3972B}.Debug|Win32.ActiveCfg = Debug|Win32
		{ABCE7F3C-ED6A-4218-BE2F-B8867FF3972B}.Debug|Win32.Build.0 = Debug|Win32
		{ABCE7F3C-ED6A-4218-BE2F-B8867FF3972B}.Release|Win32.ActiveCfg = Release|Win32
		{ABCE7F3C-ED6A-4218-BE2F-B8867FF3972B}.Release|Win32.Build.0 = Release|Win32
	EndGlobalSection
	GlobalSection(SolutionProperties) = preSolution
		HideSolutionNode = FALSE
	EndGlobalSection
EndGlobal
